zappem.net/pub/io/iotracer v0.6.2 h1:D48axSc9eAOB7vXhL8L4ppq07Ul1Sg7/rNaVL45YAdk=
zappem.net/pub/io/iotracer v0.6.2/go.mod h1:Af1H3irH6ffeQ2EVIA0sKJxNSSIkuqG2yIAVKWd9ZSQ=
zappem.net/pub/io/iotracer v0.7.0 h1:NvYZiIOLMLxuOW2skJkzWM1PBb8IbaqoVZ+/yeDeZBs=
zappem.net/pub/io/iotracer v0.7.0/go.mod h1:Af1H3irH6ffeQ2EVIA0sKJxNSSIkuqG2yIAVKWd9ZSQ=
